// !$*UTF8*$!
{
	archiveVersion = 1;
	classes = {
	};
	objectVersion = 50;
	objects = {

/* Begin PBXBuildFile section */
		2C1F753624436C9D00358A7E /* ContactTableViewController + fetchData.swift in Sources */ = {isa = PBXBuildFile; fileRef = 2C1F753524436C9D00358A7E /* ContactTableViewController + fetchData.swift */; };
		2C3ED68E21D6679A00BFF569 /* TableViewCell.swift in Sources */ = {isa = PBXBuildFile; fileRef = 2C3ED68D21D6679A00BFF569 /* TableViewCell.swift */; };
		2C5480E121DD9E7A0041DD34 /* ContactViewController.swift in Sources */ = {isa = PBXBuildFile; fileRef = 2C5480E021DD9E7A0041DD34 /* ContactViewController.swift */; };
		2C5BCD9921D51EA800BEAEF9 /* AppDelegate.swift in Sources */ = {isa = PBXBuildFile; fileRef = 2C5BCD9821D51EA800BEAEF9 /* AppDelegate.swift */; };
		2C5BCD9E21D51EA800BEAEF9 /* Main.storyboard in Resources */ = {isa = PBXBuildFile; fileRef = 2C5BCD9C21D51EA800BEAEF9 /* Main.storyboard */; };
		2C5BCDA121D51EA800BEAEF9 /* ContactApp.xcdatamodeld in Sources */ = {isa = PBXBuildFile; fileRef = 2C5BCD9F21D51EA800BEAEF9 /* ContactApp.xcdatamodeld */; };
		2C5BCDA321D51EAA00BEAEF9 /* Assets.xcassets in Resources */ = {isa = PBXBuildFile; fileRef = 2C5BCDA221D51EAA00BEAEF9 /* Assets.xcassets */; };
		2C5BCDA621D51EAA00BEAEF9 /* LaunchScreen.storyboard in Resources */ = {isa = PBXBuildFile; fileRef = 2C5BCDA421D51EAA00BEAEF9 /* LaunchScreen.storyboard */; };
		2C5BCDB121D51F6900BEAEF9 /* ContactTableViewController.swift in Sources */ = {isa = PBXBuildFile; fileRef = 2C5BCDB021D51F6900BEAEF9 /* ContactTableViewController.swift */; };
		2CF16B8621D5781500B16650 /* ContactVC.swift in Sources */ = {isa = PBXBuildFile; fileRef = 2CF16B8521D5781500B16650 /* ContactVC.swift */; };
/* End PBXBuildFile section */

/* Begin PBXFileReference section */
		2C1F753524436C9D00358A7E /* ContactTableViewController + fetchData.swift */ = {isa = PBXFileReference; lastKnownFileType = sourcecode.swift; path = "ContactTableViewController + fetchData.swift"; sourceTree = "<group>"; };
		2C3ED68D21D6679A00BFF569 /* TableViewCell.swift */ = {isa = PBXFileReference; lastKnownFileType = sourcecode.swift; path = TableViewCell.swift; sourceTree = "<group>"; };
		2C5480E021DD9E7A0041DD34 /* ContactViewController.swift */ = {isa = PBXFileReference; lastKnownFileType = sourcecode.swift; path = ContactViewController.swift; sourceTree = "<group>"; };
		2C5BCD9521D51EA800BEAEF9 /* ContactApp.app */ = {isa = PBXFileReference; explicitFileType = wrapper.application; includeInIndex = 0; path = ContactApp.app; sourceTree = BUILT_PRODUCTS_DIR; };
		2C5BCD9821D51EA800BEAEF9 /* AppDelegate.swift */ = {isa = PBXFileReference; lastKnownFileType = sourcecode.swift; path = AppDelegate.swift; sourceTree = "<group>"; };
		2C5BCD9D21D51EA800BEAEF9 /* Base */ = {isa = PBXFileReference; lastKnownFileType = file.storyboard; name = Base; path = Base.lproj/Main.storyboard; sourceTree = "<group>"; };
		2C5BCDA021D51EA800BEAEF9 /* ContactApp.xcdatamodel */ = {isa = PBXFileReference; lastKnownFileType = wrapper.xcdatamodel; path = ContactApp.xcdatamodel; sourceTree = "<group>"; };
		2C5BCDA221D51EAA00BEAEF9 /* Assets.xcassets */ = {isa = PBXFileReference; lastKnownFileType = folder.assetcatalog; path = Assets.xcassets; sourceTree = "<group>"; };
		2C5BCDA521D51EAA00BEAEF9 /* Base */ = {isa = PBXFileReference; lastKnownFileType = file.storyboard; name = Base; path = Base.lproj/LaunchScreen.storyboard; sourceTree = "<group>"; };
		2C5BCDA721D51EAA00BEAEF9 /* Info.plist */ = {isa = PBXFileReference; lastKnownFileType = text.plist.xml; path = Info.plist; sourceTree = "<group>"; };
		2C5BCDB021D51F6900BEAEF9 /* ContactTableViewController.swift */ = {isa = PBXFileReference; lastKnownFileType = sourcecode.swift; path = ContactTableViewController.swift; sourceTree = "<group>"; };
		2CF16B8521D5781500B16650 /* ContactVC.swift */ = {isa = PBXFileReference; lastKnownFileType = sourcecode.swift; path = ContactVC.swift; sourceTree = "<group>"; };
/* End PBXFileReference section */

/* Begin PBXFrameworksBuildPhase section */
		2C5BCD9221D51EA800BEAEF9 /* Frameworks */ = {
			isa = PBXFrameworksBuildPhase;
			buildActionMask = 2147483647;
			files = (
			);
			runOnlyForDeploymentPostprocessing = 0;
		};
/* End PBXFrameworksBuildPhase section */

/* Begin PBXGroup section */
		2C1F753424436C3B00358A7E /* Extension */ = {
			isa = PBXGroup;
			children = (
				2C1F753524436C9D00358A7E /* ContactTableViewController + fetchData.swift */,
			);
			path = Extension;
			sourceTree = "<group>";
		};
		2C3ED68F21D672A400BFF569 /* View */ = {
			isa = PBXGroup;
			children = (
				2C3ED68D21D6679A00BFF569 /* TableViewCell.swift */,
			);
			path = View;
			sourceTree = "<group>";
		};
		2C3ED69021D672B600BFF569 /* Controller */ = {
			isa = PBXGroup;
			children = (
				2C5BCDB021D51F6900BEAEF9 /* ContactTableViewController.swift */,
				2CF16B8521D5781500B16650 /* ContactVC.swift */,
				2C5480E021DD9E7A0041DD34 /* ContactViewController.swift */,
			);
			path = Controller;
			sourceTree = "<group>";
		};
		2C5BCD8C21D51EA800BEAEF9 = {
			isa = PBXGroup;
			children = (
				2C5BCD9721D51EA800BEAEF9 /* ContactApp */,
				2C5BCD9621D51EA800BEAEF9 /* Products */,
			);
			sourceTree = "<group>";
		};
		2C5BCD9621D51EA800BEAEF9 /* Products */ = {
			isa = PBXGroup;
			children = (
				2C5BCD9521D51EA800BEAEF9 /* ContactApp.app */,
			);
			name = Products;
			sourceTree = "<group>";
		};
		2C5BCD9721D51EA800BEAEF9 /* ContactApp */ = {
			isa = PBXGroup;
			children = (
				2C5BCD9821D51EA800BEAEF9 /* AppDelegate.swift */,
				2C1F753424436C3B00358A7E /* Extension */,
				2C3ED69021D672B600BFF569 /* Controller */,
				2C3ED68F21D672A400BFF569 /* View */,
				2C5BCD9C21D51EA800BEAEF9 /* Main.storyboard */,
				2C5BCDA221D51EAA00BEAEF9 /* Assets.xcassets */,
				2C5BCDA421D51EAA00BEAEF9 /* LaunchScreen.storyboard */,
				2C5BCDA721D51EAA00BEAEF9 /* Info.plist */,
				2C5BCD9F21D51EA800BEAEF9 /* ContactApp.xcdatamodeld */,
			);
			path = ContactApp;
			sourceTree = "<group>";
		};
/* End PBXGroup section */

/* Begin PBXNativeTarget section */
		2C5BCD9421D51EA800BEAEF9 /* ContactApp */ = {
			isa = PBXNativeTarget;
			buildConfigurationList = 2C5BCDAA21D51EAA00BEAEF9 /* Build configuration list for PBXNativeTarget "ContactApp" */;
			buildPhases = (
				2C5BCD9121D51EA800BEAEF9 /* Sources */,
				2C5BCD9221D51EA800BEAEF9 /* Frameworks */,
				2C5BCD9321D51EA800BEAEF9 /* Resources */,
			);
			buildRules = (
			);
			dependencies = (
			);
			name = ContactApp;
			productName = ContactApp;
			productReference = 2C5BCD9521D51EA800BEAEF9 /* ContactApp.app */;
			productType = "com.apple.product-type.application";
		};
/* End PBXNativeTarget section */

/* Begin PBXProject section */
		2C5BCD8D21D51EA800BEAEF9 /* Project object */ = {
			isa = PBXProject;
			attributes = {
				LastSwiftUpdateCheck = 1010;
				LastUpgradeCheck = 1010;
				ORGANIZATIONNAME = OleksandrFilippov;
				TargetAttributes = {
					2C5BCD9421D51EA800BEAEF9 = {
						CreatedOnToolsVersion = 10.1;
					};
				};
			};
			buildConfigurationList = 2C5BCD9021D51EA800BEAEF9 /* Build configuration list for PBXProject "ContactApp" */;
			compatibilityVersion = "Xcode 9.3";
			developmentRegion = en;
			hasScannedForEncodings = 0;
			knownRegions = (
				en,
				Base,
			);
			mainGroup = 2C5BCD8C21D51EA800BEAEF9;
			productRefGroup = 2C5BCD9621D51EA800BEAEF9 /* Products */;
			projectDirPath = "";
			projectRoot = "";
			targets = (
				2C5BCD9421D51EA800BEAEF9 /* ContactApp */,
			);
		};
/* End PBXProject section */

/* Begin PBXResourcesBuildPhase section */
		2C5BCD9321D51EA800BEAEF9 /* Resources */ = {
			isa = PBXResourcesBuildPhase;
			buildActionMask = 2147483647;
			files = (
				2C5BCDA621D51EAA00BEAEF9 /* LaunchScreen.storyboard in Resources */,
				2C5BCDA321D51EAA00BEAEF9 /* Assets.xcassets in Resources */,
				2C5BCD9E21D51EA800BEAEF9 /* Main.storyboard in Resources */,
			);
			runOnlyForDeploymentPostprocessing = 0;
		};
/* End PBXResourcesBuildPhase section */

/* Begin PBXSourcesBuildPhase section */
		2C5BCD9121D51EA800BEAEF9 /* Sources */ = {
			isa = PBXSourcesBuildPhase;
			buildActionMask = 2147483647;
			files = (
				2C1F753624436C9D00358A7E /* ContactTableViewController + fetchData.swift in Sources */,
				2C5BCDA121D51EA800BEAEF9 /* ContactApp.xcdatamodeld in Sources */,
				2C5BCDB121D51F6900BEAEF9 /* ContactTableViewController.swift in Sources */,
				2C3ED68E21D6679A00BFF569 /* TableViewCell.swift in Sources */,
				2C5BCD9921D51EA800BEAEF9 /* AppDelegate.swift in Sources */,
				2CF16B8621D5781500B16650 /* ContactVC.swift in Sources */,
				2C5480E121DD9E7A0041DD34 /* ContactViewController.swift in Sources */,
			);
			runOnlyForDeploymentPostprocessing = 0;
		};
/* End PBXSourcesBuildPhase section */

/* Begin PBXVariantGroup section */
		2C5BCD9C21D51EA800BEAEF9 /* Main.storyboard */ = {
			isa = PBXVariantGroup;
			children = (
				2C5BCD9D21D51EA800BEAEF9 /* Base */,
			);
			name = Main.storyboard;
			sourceTree = "<group>";
		};
		2C5BCDA421D51EAA00BEAEF9 /* LaunchScreen.storyboard */ = {
			isa = PBXVariantGroup;
			children = (
				2C5BCDA521D51EAA00BEAEF9 /* Base */,
			);
			name = LaunchScreen.storyboard;
			sourceTree = "<group>";
		};
/* End PBXVariantGroup section */

/* Begin XCBuildConfiguration section */
		2C5BCDA821D51EAA00BEAEF9 /* Debug */ = {
			isa = XCBuildConfiguration;
			buildSettings = {
				ALWAYS_SEARCH_USER_PATHS = NO;
				CLANG_ANALYZER_NONNULL = YES;
				CLANG_ANALYZER_NUMBER_OBJECT_CONVERSION = YES_AGGRESSIVE;
				CLANG_CXX_LANGUAGE_STANDARD = "gnu++14";
				CLANG_CXX_LIBRARY = "libc++";
				CLANG_ENABLE_MODULES = YES;
				CLANG_ENABLE_OBJC_ARC = YES;
				CLANG_ENABLE_OBJC_WEAK = YES;
				CLANG_WARN_BLOCK_CAPTURE_AUTORELEASING = YES;
				CLANG_WARN_BOOL_CONVERSION = YES;
				CLANG_WARN_COMMA = YES;
				CLANG_WARN_CONSTANT_CONVERSION = YES;
				CLANG_WARN_DEPRECATED_OBJC_IMPLEMENTATIONS = YES;
				CLANG_WARN_DIRECT_OBJC_ISA_USAGE = YES_ERROR;
				CLANG_WARN_DOCUMENTATION_COMMENTS = YES;
				CLANG_WARN_EMPTY_BODY = YES;
				CLANG_WARN_ENUM_CONVERSION = YES;
				CLANG_WARN_INFINITE_RECURSION = YES;
				CLANG_WARN_INT_CONVERSION = YES;
				CLANG_WARN_NON_LITERAL_NULL_CONVERSION = YES;
				CLANG_WARN_OBJC_IMPLICIT_RETAIN_SELF = YES;
				CLANG_WARN_OBJC_LITERAL_CONVERSION = YES;
				CLANG_WARN_OBJC_ROOT_CLASS = YES_ERROR;
				CLANG_WARN_RANGE_LOOP_ANALYSIS = YES;
				CLANG_WARN_STRICT_PROTOTYPES = YES;
				CLANG_WARN_SUSPICIOUS_MOVE = YES;
				CLANG_WARN_UNGUARDED_AVAILABILITY = YES_AGGRESSIVE;
				CLANG_WARN_UNREACHABLE_CODE = YES;
				CLANG_WARN__DUPLICATE_METHOD_MATCH = YES;
				CODE_SIGN_IDENTITY = "iPhone Developer";
				COPY_PHASE_STRIP = NO;
				DEBUG_INFORMATION_FORMAT = dwarf;
				ENABLE_STRICT_OBJC_MSGSEND = YES;
				ENABLE_TESTABILITY = YES;
				GCC_C_LANGUAGE_STANDARD = gnu11;
				GCC_DYNAMIC_NO_PIC = NO;
				GCC_NO_COMMON_BLOCKS = YES;
				GCC_OPTIMIZATION_LEVEL = 0;
				GCC_PREPROCESSOR_DEFINITIONS = (
					"DEBUG=1",
					"$(inherited)",
				);
				GCC_WARN_64_TO_32_BIT_CONVERSION = YES;
				GCC_WARN_ABOUT_RETURN_TYPE = YES_ERROR;
				GCC_WARN_UNDECLARED_SELECTOR = YES;
				GCC_WARN_UNINITIALIZED_AUTOS = YES_AGGRESSIVE;
				GCC_WARN_UNUSED_FUNCTION = YES;
				GCC_WARN_UNUSED_VARIABLE = YES;
				IPHONEOS_DEPLOYMENT_TARGET = 12.1;
				MTL_ENABLE_DEBUG_INFO = INCLUDE_SOURCE;
				MTL_FAST_MATH = YES;
				ONLY_ACTIVE_ARCH = YES;
				SDKROOT = iphoneos;
				SWIFT_ACTIVE_COMPILATION_CONDITIONS = DEBUG;
				SWIFT_OPTIMIZATION_LEVEL = "-Onone";
			};
			name = Debug;
		};
		2C5BCDA921D51EAA00BEAEF9 /* Release */ = {
			isa = XCBuildConfiguration;
			buildSettings = {
				ALWAYS_SEARCH_USER_PATHS = NO;
				CLANG_ANALYZER_NONNULL = YES;
				CLANG_ANALYZER_NUMBER_OBJECT_CONVERSION = YES_AGGRESSIVE;
				CLANG_CXX_LANGUAGE_STANDARD = "gnu++14";
				CLANG_CXX_LIBRARY = "libc++";
				CLANG_ENABLE_MODULES = YES;
				CLANG_ENABLE_OBJC_ARC = YES;
				CLANG_ENABLE_OBJC_WEAK = YES;
				CLANG_WARN_BLOCK_CAPTURE_AUTORELEASING = YES;
				CLANG_WARN_BOOL_CONVERSION = YES;
				CLANG_WARN_COMMA = YES;
				CLANG_WARN_CONSTANT_CONVERSION = YES;
				CLANG_WARN_DEPRECATED_OBJC_IMPLEMENTATIONS = YES;
				CLANG_WARN_DIRECT_OBJC_ISA_USAGE = YES_ERROR;
				CLANG_WARN_DOCUMENTATION_COMMENTS = YES;
				CLANG_WARN_EMPTY_BODY = YES;
				CLANG_WARN_ENUM_CONVERSION = YES;
				CLANG_WARN_INFINITE_RECURSION = YES;
				CLANG_WARN_INT_CONVERSION = YES;
				CLANG_WARN_NON_LITERAL_NULL_CONVERSION = YES;
				CLANG_WARN_OBJC_IMPLICIT_RETAIN_SELF = YES;
				CLANG_WARN_OBJC_LITERAL_CONVERSION = YES;
				CLANG_WARN_OBJC_ROOT_CLASS = YES_ERROR;
				CLANG_WARN_RANGE_LOOP_ANALYSIS = YES;
				CLANG_WARN_STRICT_PROTOTYPES = YES;
				CLANG_WARN_SUSPICIOUS_MOVE = YES;
				CLANG_WARN_UNGUARDED_AVAILABILITY = YES_AGGRESSIVE;
				CLANG_WARN_UNREACHABLE_CODE = YES;
				CLANG_WARN__DUPLICATE_METHOD_MATCH = YES;
				CODE_SIGN_IDENTITY = "iPhone Developer";
				COPY_PHASE_STRIP = NO;
				DEBUG_INFORMATION_FORMAT = "dwarf-with-dsym";
				ENABLE_NS_ASSERTIONS = NO;
				ENABLE_STRICT_OBJC_MSGSEND = YES;
				GCC_C_LANGUAGE_STANDARD = gnu11;
				GCC_NO_COMMON_BLOCKS = YES;
				GCC_WARN_64_TO_32_BIT_CONVERSION = YES;
				GCC_WARN_ABOUT_RETURN_TYPE = YES_ERROR;
				GCC_WARN_UNDECLARED_SELECTOR = YES;
				GCC_WARN_UNINITIALIZED_AUTOS = YES_AGGRESSIVE;
				GCC_WARN_UNUSED_FUNCTION = YES;
				GCC_WARN_UNUSED_VARIABLE = YES;
				IPHONEOS_DEPLOYMENT_TARGET = 12.1;
				MTL_ENABLE_DEBUG_INFO = NO;
				MTL_FAST_MATH = YES;
				SDKROOT = iphoneos;
				SWIFT_COMPILATION_MODE = wholemodule;
				SWIFT_OPTIMIZATION_LEVEL = "-O";
				VALIDATE_PRODUCT = YES;
			};
			name = Release;
		};
		2C5BCDAB21D51EAA00BEAEF9 /* Debug */ = {
			isa = XCBuildConfiguration;
			buildSettings = {
				ASSETCATALOG_COMPILER_APPICON_NAME = AppIcon;
				CODE_SIGN_STYLE = Automatic;
				DEVELOPMENT_TEAM = HRC32MPH2R;
				INFOPLIST_FILE = ContactApp/Info.plist;
				LD_RUNPATH_SEARCH_PATHS = (
					"$(inherited)",
					"@executable_path/Frameworks",
				);
				PRODUCT_BUNDLE_IDENTIFIER = ralin.ContactApp;
				PRODUCT_NAME = "$(TARGET_NAME)";
				SWIFT_VERSION = 4.2;
				TARGETED_DEVICE_FAMILY = "1,2";
			};
			name = Debug;
		};
		2C5BCDAC21D51EAA00BEAEF9 /* Release */ = {
			isa = XCBuildConfiguration;
			buildSettings = {
				ASSETCATALOG_COMPILER_APPICON_NAME = AppIcon;
				CODE_SIGN_STYLE = Automatic;
				DEVELOPMENT_TEAM = HRC32MPH2R;
				INFOPLIST_FILE = ContactApp/Info.plist;
				LD_RUNPATH_SEARCH_PATHS = (
					"$(inherited)",
					"@executable_path/Frameworks",
				);
				PRODUCT_BUNDLE_IDENTIFIER = ralin.ContactApp;
				PRODUCT_NAME = "$(TARGET_NAME)";
				SWIFT_VERSION = 4.2;
				TARGETED_DEVICE_FAMILY = "1,2";
			};
			name = Release;
		};
/* End XCBuildConfiguration section */

/* Begin XCConfigurationList section */
		2C5BCD9021D51EA800BEAEF9 /* Build configuration list for PBXProject "ContactApp" */ = {
			isa = XCConfigurationList;
			buildConfigurations = (
				2C5BCDA821D51EAA00BEAEF9 /* Debug */,
				2C5BCDA921D51EAA00BEAEF9 /* Release */,
			);
			defaultConfigurationIsVisible = 0;
			defaultConfigurationName = Release;
		};
		2C5BCDAA21D51EAA00BEAEF9 /* Build configuration list for PBXNativeTarget "ContactApp" */ = {
			isa = XCConfigurationList;
			buildConfigurations = (
				2C5BCDAB21D51EAA00BEAEF9 /* Debug */,
				2C5BCDAC21D51EAA00BEAEF9 /* Release */,
			);
			defaultConfigurationIsVisible = 0;
			defaultConfigurationName = Release;
		};
/* End XCConfigurationList section */

/* Begin XCVersionGroup section */
		2C5BCD9F21D51EA800BEAEF9 /* ContactApp.xcdatamodeld */ = {
			isa = XCVersionGroup;
			children = (
				2C5BCDA021D51EA800BEAEF9 /* ContactApp.xcdatamodel */,
			);
			currentVersion = 2C5BCDA021D51EA800BEAEF9 /* ContactApp.xcdatamodel */;
			path = ContactApp.xcdatamodeld;
			sourceTree = "<group>";
			versionGroupType = wrapper.xcdatamodel;
		};
/* End XCVersionGroup section */
	};
	rootObject = 2C5BCD8D21D51EA800BEAEF9 /* Project object */;
}
